
Microsoft Visual Studio Solution File, Format Version 12.00
# Visual Studio Version 16
VisualStudioVersion = 16.0.30114.105
MinimumVisualStudioVersion = 10.0.40219.1
Project("{8BC9CEB8-8B4A-11D0-8D11-00A0C91BC942}") = "BasicCalc", "BasicCalc.vcxproj", "{D9D73EB7-D102-4E8F-8641-C0D402EED3AE}"
EndProject
Global
	GlobalSection(SolutionConfigurationPlatforms) = preSolution
		Debug|x64 = Debug|x64
		Debug|x86 = Debug|x86
		Release|x64 = Release|x64
		Release|x86 = Release|x86
	EndGlobalSection
	GlobalSection(ProjectConfigurationPlatforms) = postSolution
		{D9D73EB7-D102-4E8F-8641-C0D402EED3AE}.Debug|x64.ActiveCfg = Debug|x64
		{D9D73EB7-D102-4E8F-8641-C0D402EED3AE}.Debug|x64.Build.0 = Debug|x64
		{D9D73EB7-D102-4E8F-8641-C0D402EED3AE}.Debug|x86.ActiveCfg = Debug|Win32
		{D9D73EB7-D102-4E8F-8641-C0D402EED3AE}.Debug|x86.Build.0 = Debug|Win32
		{D9D73EB7-D102-4E8F-8641-C0D402EED3AE}.Release|x64.ActiveCfg = Release|x64
		{D9D73EB7-D102-4E8F-8641-C0D402EED3AE}.Release|x64.Build.0 = Release|x64
		{D9D73EB7-D102-4E8F-8641-C0D402EED3AE}.Release|x86.ActiveCfg = Release|Win32
		{D9D73EB7-D102-4E8F-8641-C0D402EED3AE}.Release|x86.Build.0 = Release|Win32
	EndGlobalSection
	GlobalSection(SolutionProperties) = preSolution
		HideSolutionNode = FALSE
	EndGlobalSection
	GlobalSection(ExtensibilityGlobals) = postSolution
		SolutionGuid = {74B2372B-7BBE-43D1-9FBE-21A2C7E2F66A}
	EndGlobalSection
EndGlobal
